<?xml version="1.0" encoding="utf-8"?>
<Project ToolsVersion="4.0" xmlns="http://schemas.microsoft.com/developer/msbuild/2003">
  <ItemGroup>
    <Filter Include="selfprotection">
      <UniqueIdentifier>{125d59fd-ffc8-4544-af9a-9a866a161c7e}</UniqueIdentifier>
    </Filter>
    <Filter Include="selfprotection\strings">
      <UniqueIdentifier>{3ef579aa-f315-4b58-ab9e-6a1b2d6e7508}</UniqueIdentifier>
    </Filter>
    <Filter Include="selfprotection\pipe">
      <UniqueIdentifier>{ef0fdef9-4f46-485b-beb6-e77e4500d2ad}</UniqueIdentifier>
    </Filter>
    <Filter Include="Hooks">
      <UniqueIdentifier>{ff6b6f0a-f5b6-4cf6-87ba-2a06b175c9f6}</UniqueIdentifier>
    </Filter>
    <Filter Include="Hooks\Implementations">
      <UniqueIdentifier>{b74db30c-95e9-4409-a277-8fb9e804d786}</UniqueIdentifier>
    </Filter>
    <Filter Include="Hooks\VMTHook">
      <UniqueIdentifier>{9f6ba2fc-6b15-458d-86cb-a238d9c3627c}</UniqueIdentifier>
    </Filter>
    <Filter Include="Hooks\EventManager">
      <UniqueIdentifier>{5a0e8346-75d7-4aad-aa62-2213a8e58887}</UniqueIdentifier>
    </Filter>
    <Filter Include="Hooks\EventManager\Manager">
      <UniqueIdentifier>{84520c5a-9191-4b84-a49a-d6f0719c9db9}</UniqueIdentifier>
    </Filter>
    <Filter Include="Hooks\EventManager\Initialize">
      <UniqueIdentifier>{2295694b-8fd0-41e7-94ae-3978604b3048}</UniqueIdentifier>
    </Filter>
    <Filter Include="Hooks\EventManager\Destroy">
      <UniqueIdentifier>{d15b92b4-a329-4e6c-91bd-43865572d6e7}</UniqueIdentifier>
    </Filter>
    <Filter Include="Global">
      <UniqueIdentifier>{4FC737F1-C7A5-4376-A066-2A32D752A2FF}</UniqueIdentifier>
      <Extensions>cpp;c;cc;cxx;def;odl;idl;hpj;bat;asm;asmx</Extensions>
    </Filter>
    <Filter Include="Classes">
      <UniqueIdentifier>{15d93fed-cb45-4b86-932b-d7e1df221c86}</UniqueIdentifier>
    </Filter>
    <Filter Include="IMGui">
      <UniqueIdentifier>{9be325a5-02e3-4f04-a224-43d10354ec37}</UniqueIdentifier>
    </Filter>
    <Filter Include="Hooks\Kiero">
      <UniqueIdentifier>{b0a39785-86f2-412b-a04a-9e53cc95aaad}</UniqueIdentifier>
    </Filter>
    <Filter Include="Main">
      <UniqueIdentifier>{f4cc1cee-f2ee-4945-9752-cfa38a5786e9}</UniqueIdentifier>
    </Filter>
    <Filter Include="Rendering">
      <UniqueIdentifier>{2a1bb88d-0576-4781-a0e1-5e285260e70f}</UniqueIdentifier>
    </Filter>
    <Filter Include="Scripts">
      <UniqueIdentifier>{85eba398-4002-457b-a719-ff583cd85b6e}</UniqueIdentifier>
    </Filter>
    <Filter Include="Scripts\utils">
      <UniqueIdentifier>{3cc5649c-3bb2-415c-9023-f7732588b9c3}</UniqueIdentifier>
    </Filter>
    <Filter Include="Scripts\Champions">
      <UniqueIdentifier>{5a45deb9-074c-4900-9f80-84a3b603b3b9}</UniqueIdentifier>
    </Filter>
    <Filter Include="Scripts\Champions\Ashe">
      <UniqueIdentifier>{aabc1889-aac5-4540-a536-c1074fe288f9}</UniqueIdentifier>
    </Filter>
    <Filter Include="Scripts\Utilities">
      <UniqueIdentifier>{8802827e-c99d-4dbc-aa4c-fa7059a5f130}</UniqueIdentifier>
    </Filter>
    <Filter Include="Scripts\Utilities\Target Selector">
      <UniqueIdentifier>{adfa8700-d964-405c-b8c2-58f9c8cfe375}</UniqueIdentifier>
    </Filter>
    <Filter Include="Scripts\Utilities\Damage Calculator">
      <UniqueIdentifier>{f9c7cfc0-b708-47f4-b2f7-5cfea71a31ab}</UniqueIdentifier>
    </Filter>
    <Filter Include="Scripts\Utilities\Orbwalker">
      <UniqueIdentifier>{95484a3c-8de8-4402-9de0-c50fa486b7ee}</UniqueIdentifier>
    </Filter>
    <Filter Include="Scripts\SDK">
      <UniqueIdentifier>{cbb6b9da-f1b8-4af1-876f-e7c40fff4bf6}</UniqueIdentifier>
    </Filter>
    <Filter Include="Scripts\Utilities\Awareness">
      <UniqueIdentifier>{5e7ba45f-fb8b-4909-b78b-317e98f27b76}</UniqueIdentifier>
    </Filter>
    <Filter Include="Scripts\Utilities\Awareness\Zoom">
      <UniqueIdentifier>{4e63f8d3-5ad4-44d0-95dc-36588b9e231c}</UniqueIdentifier>
    </Filter>
    <Filter Include="Scripts\Utilities\Lists Management">
      <UniqueIdentifier>{4b76b81e-de88-4dad-9888-11aee1568818}</UniqueIdentifier>
    </Filter>
    <Filter Include="Scripts\Champions\Nautilus">
      <UniqueIdentifier>{984c743c-31fd-4d40-b7a6-7461a974d133}</UniqueIdentifier>
    </Filter>
    <Filter Include="Scripts\Champions\Ezreal">
      <UniqueIdentifier>{c73b577c-a548-4309-a0d1-27790e29276b}</UniqueIdentifier>
    </Filter>
    <Filter Include="Scripts\SDK\Skills">
      <UniqueIdentifier>{66adef8e-e4b0-443b-bd2f-449650213be6}</UniqueIdentifier>
    </Filter>
    <Filter Include="Scripts\Champions\Xerath">
      <UniqueIdentifier>{ba1b74f7-5be7-4aa6-aefb-44f5291c8506}</UniqueIdentifier>
    </Filter>
    <Filter Include="Scripts\Champions\Yorick">
      <UniqueIdentifier>{781ce784-200b-476b-a8a3-6dff6b5d572b}</UniqueIdentifier>
    </Filter>
    <Filter Include="Scripts\Champions\SDK">
      <UniqueIdentifier>{e52baac4-f603-4b88-9f41-c11592da1f23}</UniqueIdentifier>
    </Filter>
    <Filter Include="Scripts\Champions\Syndra">
      <UniqueIdentifier>{1c3f9d62-2762-4cf7-a4c5-a296234a7e75}</UniqueIdentifier>
    </Filter>
    <Filter Include="Scripts\Champions\Vayne">
      <UniqueIdentifier>{0b500233-e9dd-4ed3-8926-0cf941a2d47c}</UniqueIdentifier>
    </Filter>
    <Filter Include="Scripts\Champions\Thresh">
      <UniqueIdentifier>{53c5a4df-c29e-4818-b038-c69345f481c8}</UniqueIdentifier>
    </Filter>
    <Filter Include="Scripts\Utilities\Evade">
      <UniqueIdentifier>{0f8cf5f5-761f-4f29-a821-ac7fb25d25e8}</UniqueIdentifier>
    </Filter>
    <Filter Include="Scripts\Utilities\Evade\Correti">
      <UniqueIdentifier>{7ec0faf7-da67-432f-96b5-a4232177d6e4}</UniqueIdentifier>
    </Filter>
    <Filter Include="Scripts\Champions\Kaisa">
      <UniqueIdentifier>{2009609e-7b66-4a82-bda2-176615a42195}</UniqueIdentifier>
    </Filter>
    <Filter Include="Rendering\CompressedImages">
      <UniqueIdentifier>{e71e3a26-fb2f-49f3-b825-94eda0d4624c}</UniqueIdentifier>
    </Filter>
    <Filter Include="Main\Bypass">
      <UniqueIdentifier>{af7bd5e9-42c5-455a-bb02-6027df9fd54e}</UniqueIdentifier>
    </Filter>
    <Filter Include="Main\Utilities">
      <UniqueIdentifier>{befbbf0e-adce-436a-82fc-35903ff7f7d5}</UniqueIdentifier>
    </Filter>
    <Filter Include="Main\Memory">
      <UniqueIdentifier>{5a4fe51e-5662-431e-827c-4337615faa38}</UniqueIdentifier>
    </Filter>
    <Filter Include="Rendering\Menu">
      <UniqueIdentifier>{d166a879-5863-477f-8b36-e249d999d030}</UniqueIdentifier>
    </Filter>
    <Filter Include="Rendering\Menu\Components">
      <UniqueIdentifier>{3cf11341-2d14-44bf-a8f4-a27529df0d53}</UniqueIdentifier>
    </Filter>
    <Filter Include="Rendering\Menu\Components\Checkbox">
      <UniqueIdentifier>{ede87041-a047-43e6-9475-132f0011937a}</UniqueIdentifier>
    </Filter>
    <Filter Include="Rendering\Menu\Components\Info">
      <UniqueIdentifier>{f752cb7d-3c75-43b9-9e5f-612527758619}</UniqueIdentifier>
    </Filter>
    <Filter Include="Rendering\Menu\Components\KeyBindings">
      <UniqueIdentifier>{8b0fe8d7-fbb1-4cd5-b672-4c209afcaf57}</UniqueIdentifier>
    </Filter>
    <Filter Include="Rendering\Menu\Components\List">
      <UniqueIdentifier>{0b56ca72-0b76-4567-9ca4-19304b30f339}</UniqueIdentifier>
    </Filter>
    <Filter Include="Rendering\Menu\Components\Slider">
      <UniqueIdentifier>{8abffdc0-fa5f-4958-a500-113cae354420}</UniqueIdentifier>
    </Filter>
    <Filter Include="Rendering\Menu\Components\Rect">
      <UniqueIdentifier>{5758bfad-cbbd-4e60-a73d-a84de24c50df}</UniqueIdentifier>
    </Filter>
    <Filter Include="Rendering\Menu\Components\ColorPicker">
      <UniqueIdentifier>{0c768865-ead9-485f-9a21-b090f9bacb1b}</UniqueIdentifier>
    </Filter>
    <Filter Include="Rendering\Menu\Rendering">
      <UniqueIdentifier>{955f8bb1-1234-4014-ad3b-5ea77b6d7b5f}</UniqueIdentifier>
    </Filter>
    <Filter Include="Main\OldBypass">
      <UniqueIdentifier>{3ff65862-f769-4357-b757-967248f4390f}</UniqueIdentifier>
    </Filter>
    <Filter Include="Main\OldBypass\UltimateHooks">
      <UniqueIdentifier>{5b82b873-784d-4a70-a1d2-adfc19001f19}</UniqueIdentifier>
    </Filter>
    <Filter Include="Scripts\Utilities\Awarenesss">
      <UniqueIdentifier>{6cfe9ff7-0da6-470c-bd4c-1fc3e036f8a1}</UniqueIdentifier>
    </Filter>
    <Filter Include="Scripts\Utilities\Awarenesss\HPBar">
      <UniqueIdentifier>{a8ab1a11-49cf-4e07-88df-de6945e9d01b}</UniqueIdentifier>
    </Filter>
    <Filter Include="Scripts\Utilities\Awarenesss\Path">
      <UniqueIdentifier>{a2207a4b-fc6e-4af6-ba21-4c92cd9c691d}</UniqueIdentifier>
    </Filter>
    <Filter Include="Scripts\Utilities\Awarenesss\LastPosition">
      <UniqueIdentifier>{32819a2b-8258-4b11-854f-2dc33cf0adcb}</UniqueIdentifier>
    </Filter>
    <Filter Include="Scripts\Utilities\Awarenesss\LastHitDamage">
      <UniqueIdentifier>{fc7fe452-2f6f-44b1-b9f1-70ff1b384103}</UniqueIdentifier>
    </Filter>
    <Filter Include="Scripts\Utilities\Awarenesss\Sidebar">
      <UniqueIdentifier>{f54ca85c-d8f4-40bc-8c81-c4c58032b5e9}</UniqueIdentifier>
    </Filter>
    <Filter Include="Global\ObjectManager">
      <UniqueIdentifier>{9c967306-500c-4ec9-a952-740cdb95f5b7}</UniqueIdentifier>
    </Filter>
    <Filter Include="Global\ObjectManager\Objects">
      <UniqueIdentifier>{0bc97409-f0e6-4738-be46-255dcf167a74}</UniqueIdentifier>
    </Filter>
    <Filter Include="Global\SpellBook">
      <UniqueIdentifier>{8b4e11cd-56b6-4843-a2b0-d672ed41e089}</UniqueIdentifier>
    </Filter>
    <Filter Include="Global\SpellCast">
      <UniqueIdentifier>{501d3cec-6b19-4710-bbd6-2dbe14d83201}</UniqueIdentifier>
    </Filter>
    <Filter Include="Global\SpellData">
      <UniqueIdentifier>{fe683633-052c-4a45-9d7d-92f1c82e000b}</UniqueIdentifier>
    </Filter>
    <Filter Include="Global\SpellInfo">
      <UniqueIdentifier>{90e40ccb-79f4-45ac-a2d4-829a30d4a7d4}</UniqueIdentifier>
    </Filter>
    <Filter Include="Scripts\Champions\Twitch">
      <UniqueIdentifier>{5df439ce-ba7f-4e05-a9a3-c06724121a94}</UniqueIdentifier>
    </Filter>
    <Filter Include="Scripts\Champions\Jinx">
      <UniqueIdentifier>{16c432dc-9b94-4a8c-8b7d-ae979816fc87}</UniqueIdentifier>
    </Filter>
    <Filter Include="Scripts\Champions\Senna">
      <UniqueIdentifier>{8f401b92-2f3c-4c07-ae7d-55247ad3ee03}</UniqueIdentifier>
    </Filter>
    <Filter Include="Scripts\Champions\KogMaw">
      <UniqueIdentifier>{33bba00c-6aa5-42d8-8c12-9ff7b870794c}</UniqueIdentifier>
    </Filter>
  </ItemGroup>
  <ItemGroup>
    <ClInclude Include="global\globals.h">
      <Filter>Global</Filter>
    </ClInclude>
    <ClInclude Include="mem\mem.h">
      <Filter>Main\Memory</Filter>
    </ClInclude>
    <ClInclude Include="global\targetver.h">
      <Filter>Global</Filter>
    </ClInclude>
    <ClInclude Include="classes\classes.h">
      <Filter>Classes</Filter>
    </ClInclude>
    <ClInclude Include="render\render.h">
      <Filter>Rendering</Filter>
    </ClInclude>
    <ClInclude Include="imgui\imconfig.h">
      <Filter>IMGui</Filter>
    </ClInclude>
    <ClInclude Include="imgui\imgui.h">
      <Filter>IMGui</Filter>
    </ClInclude>
    <ClInclude Include="imgui\imgui_impl_win32.h">
      <Filter>IMGui</Filter>
    </ClInclude>
    <ClInclude Include="imgui\imgui_internal.h">
      <Filter>IMGui</Filter>
    </ClInclude>
    <ClInclude Include="imgui\imstb_rectpack.h">
      <Filter>IMGui</Filter>
    </ClInclude>
    <ClInclude Include="imgui\imstb_textedit.h">
      <Filter>IMGui</Filter>
    </ClInclude>
    <ClInclude Include="imgui\imstb_truetype.h">
      <Filter>IMGui</Filter>
    </ClInclude>
    <ClInclude Include="kiero\kiero.h">
      <Filter>Hooks\Kiero</Filter>
    </ClInclude>
    <ClInclude Include="kiero\minhook\include\MinHook.h">
      <Filter>Hooks\Kiero</Filter>
    </ClInclude>
    <ClInclude Include="kiero\minhook\src\hde\hde32.h">
      <Filter>Hooks\Kiero</Filter>
    </ClInclude>
    <ClInclude Include="kiero\minhook\src\hde\hde64.h">
      <Filter>Hooks\Kiero</Filter>
    </ClInclude>
    <ClInclude Include="kiero\minhook\src\hde\pstdint.h">
      <Filter>Hooks\Kiero</Filter>
    </ClInclude>
    <ClInclude Include="kiero\minhook\src\hde\table32.h">
      <Filter>Hooks\Kiero</Filter>
    </ClInclude>
    <ClInclude Include="kiero\minhook\src\hde\table64.h">
      <Filter>Hooks\Kiero</Filter>
    </ClInclude>
    <ClInclude Include="kiero\minhook\src\buffer.h">
      <Filter>Hooks\Kiero</Filter>
    </ClInclude>
    <ClInclude Include="kiero\minhook\src\trampoline.h">
      <Filter>Hooks\Kiero</Filter>
    </ClInclude>
    <ClInclude Include="hooks\hooks.h">
      <Filter>Hooks</Filter>
    </ClInclude>
    <ClInclude Include="imgui\imgui_impl_dx9.h">
      <Filter>IMGui</Filter>
    </ClInclude>
    <ClInclude Include="hooks\impl\impl.h">
      <Filter>Hooks\Implementations</Filter>
    </ClInclude>
    <ClInclude Include="global\structs.h">
      <Filter>Global</Filter>
    </ClInclude>
    <ClInclude Include="global\offsets.h">
      <Filter>Global</Filter>
    </ClInclude>
    <ClInclude Include="global\utils.h">
      <Filter>Global</Filter>
    </ClInclude>
    <ClInclude Include="global\Engine.h">
      <Filter>Global</Filter>
    </ClInclude>
    <ClInclude Include="global\colors.h">
      <Filter>Global</Filter>
    </ClInclude>
    <ClInclude Include="mem\spoof_call.h">
      <Filter>Main\Memory</Filter>
    </ClInclude>
    <ClInclude Include="global\strings.h">
      <Filter>Global</Filter>
    </ClInclude>
    <ClInclude Include="selfprotection\strings\obfuscator.h">
      <Filter>selfprotection\strings</Filter>
    </ClInclude>
    <ClInclude Include="stdafx.h" />
    <ClInclude Include="selfprotection\utils.h">
      <Filter>selfprotection</Filter>
    </ClInclude>
    <ClInclude Include="imgui\imgui_impl_dx11.h">
      <Filter>IMGui</Filter>
    </ClInclude>
    <ClInclude Include="selfprotection\pipe\namedpipeclient.h">
      <Filter>selfprotection\pipe</Filter>
    </ClInclude>
    <ClInclude Include="global\leagueobfuscation.h">
      <Filter>Global</Filter>
    </ClInclude>
    <ClInclude Include="VMTHook.h">
      <Filter>Hooks\VMTHook</Filter>
    </ClInclude>
    <ClInclude Include="clipper.hpp" />
    <ClInclude Include="json.hpp" />
    <ClInclude Include="MenuRenderer.h">
      <Filter>Rendering\Menu\Rendering</Filter>
    </ClInclude>
    <ClInclude Include="Plugins.h">
      <Filter>Scripts\utils</Filter>
    </ClInclude>
    <ClInclude Include="PluginTemplate.h">
      <Filter>Scripts\Champions\SDK</Filter>
    </ClInclude>
    <ClInclude Include="TargetSelector.h">
      <Filter>Scripts\Utilities\Target Selector</Filter>
    </ClInclude>
    <ClInclude Include="Damage.h">
      <Filter>Scripts\Utilities\Damage Calculator</Filter>
    </ClInclude>
    <ClInclude Include="zoom.h">
      <Filter>Scripts\Utilities\Awareness\Zoom</Filter>
    </ClInclude>
    <ClInclude Include="Orbwalker.h">
      <Filter>Scripts\Utilities\Orbwalker</Filter>
    </ClInclude>
    <ClInclude Include="ManagerTemplate.h">
      <Filter>Scripts\Utilities\Orbwalker</Filter>
    </ClInclude>
    <ClInclude Include="InitializeEvents.h">
      <Filter>Hooks\EventManager\Initialize</Filter>
    </ClInclude>
    <ClInclude Include="DestroyEvents.h">
      <Filter>Hooks\EventManager\Destroy</Filter>
    </ClInclude>
    <ClInclude Include="MenuComponent.h">
      <Filter>Rendering\Menu\Components</Filter>
    </ClInclude>
    <ClInclude Include="Checkbox.h">
      <Filter>Rendering\Menu\Components\Checkbox</Filter>
    </ClInclude>
    <ClInclude Include="Info.h">
      <Filter>Rendering\Menu\Components\Info</Filter>
    </ClInclude>
    <ClInclude Include="KeyBind.h">
      <Filter>Rendering\Menu\Components\KeyBindings</Filter>
    </ClInclude>
    <ClInclude Include="List.h">
      <Filter>Rendering\Menu\Components\List</Filter>
    </ClInclude>
    <ClInclude Include="Slider.h">
      <Filter>Rendering\Menu\Components\Slider</Filter>
    </ClInclude>
    <ClInclude Include="Rect.h">
      <Filter>Rendering\Menu\Components\Rect</Filter>
    </ClInclude>
    <ClInclude Include="scripts\championmodule.h">
      <Filter>Scripts\Champions</Filter>
    </ClInclude>
    <ClInclude Include="scripts\Modules.h">
      <Filter>Scripts\SDK</Filter>
    </ClInclude>
    <ClInclude Include="Awareness.h">
      <Filter>Scripts\Utilities\Awareness</Filter>
    </ClInclude>
    <ClInclude Include="Geometry.h">
      <Filter>Rendering</Filter>
    </ClInclude>
    <ClInclude Include="ListManager.h">
      <Filter>Scripts\Utilities\Lists Management</Filter>
    </ClInclude>
    <ClInclude Include="scripts\skillshotdatabase.h">
      <Filter>Scripts\SDK\Skills</Filter>
    </ClInclude>
    <ClInclude Include="imgui_freetype.h">
      <Filter>IMGui</Filter>
    </ClInclude>
    <ClInclude Include="icon_font.h">
      <Filter>IMGui</Filter>
    </ClInclude>
    <ClInclude Include="background.h">
      <Filter>IMGui</Filter>
    </ClInclude>
    <ClInclude Include="resource.h" />
    <ClInclude Include="roboto_font.h">
      <Filter>IMGui</Filter>
    </ClInclude>
    <ClInclude Include="variable.h">
      <Filter>IMGui</Filter>
    </ClInclude>
    <ClInclude Include="Colorpicker.h">
      <Filter>Rendering\Menu\Components\ColorPicker</Filter>
    </ClInclude>
    <ClInclude Include="imgui_notify.h">
      <Filter>IMGui</Filter>
    </ClInclude>
    <ClInclude Include="fa_solid_900.h">
      <Filter>IMGui</Filter>
    </ClInclude>
    <ClInclude Include="font_awesome_5.h">
      <Filter>IMGui</Filter>
    </ClInclude>
    <ClInclude Include="HealthPrediction.h">
      <Filter>Scripts\Utilities\Damage Calculator</Filter>
    </ClInclude>
    <ClInclude Include="clipper.h" />
    <ClInclude Include="decompress.h">
      <Filter>Rendering\CompressedImages</Filter>
    </ClInclude>
    <ClInclude Include="image.h">
      <Filter>Rendering\CompressedImages</Filter>
    </ClInclude>
    <ClInclude Include="Icons.h">
      <Filter>Rendering\CompressedImages</Filter>
    </ClInclude>
    <ClInclude Include="Syscaller.h">
      <Filter>Main\Bypass</Filter>
    </ClInclude>
    <ClInclude Include="Kernel.h">
      <Filter>Main\Bypass</Filter>
    </ClInclude>
    <ClInclude Include="DecryptMemoryPages.h">
      <Filter>Main\Utilities</Filter>
    </ClInclude>
    <ClInclude Include="FindHiddenModule.h">
      <Filter>Main\Utilities</Filter>
    </ClInclude>
    <ClInclude Include="MenuSettings.h">
      <Filter>Rendering\Menu</Filter>
    </ClInclude>
    <ClInclude Include="NewMenu.h">
      <Filter>Rendering\Menu</Filter>
    </ClInclude>
    <ClInclude Include="UltimateHooks.h">
      <Filter>Main\OldBypass\UltimateHooks</Filter>
    </ClInclude>
    <ClInclude Include="makesyscall.h">
      <Filter>Main\OldBypass\UltimateHooks</Filter>
    </ClInclude>
    <ClInclude Include="OnProcessSpellCast.h">
      <Filter>Hooks\VMTHook</Filter>
    </ClInclude>
    <ClInclude Include="Cooldowns.h">
      <Filter>Scripts\Utilities\Awarenesss\HPBar</Filter>
    </ClInclude>
    <ClInclude Include="Experience.h">
      <Filter>Scripts\Utilities\Awarenesss\HPBar</Filter>
    </ClInclude>
    <ClInclude Include="Awarenesss.h">
      <Filter>Scripts\Utilities\Awarenesss</Filter>
    </ClInclude>
    <ClInclude Include="Path.h">
      <Filter>Scripts\Utilities\Awarenesss\Path</Filter>
    </ClInclude>
    <ClInclude Include="LastPosition.h">
      <Filter>Scripts\Utilities\Awarenesss\LastPosition</Filter>
    </ClInclude>
    <ClInclude Include="LastHitDamage.h">
      <Filter>Scripts\Utilities\Awarenesss\LastHitDamage</Filter>
    </ClInclude>
    <ClInclude Include="Sidebar.h">
      <Filter>Scripts\Utilities\Awarenesss\Sidebar</Filter>
    </ClInclude>
    <ClInclude Include="Objectmanager.h">
      <Filter>Global\ObjectManager</Filter>
    </ClInclude>
    <ClInclude Include="ObjectTypeHolder.h">
      <Filter>Global\ObjectManager</Filter>
    </ClInclude>
    <ClInclude Include="AttackableUnit.h">
      <Filter>Global\ObjectManager\Objects</Filter>
    </ClInclude>
    <ClInclude Include="Hero.h">
      <Filter>Global\ObjectManager\Objects</Filter>
    </ClInclude>
    <ClInclude Include="Object.h">
      <Filter>Global\ObjectManager\Objects</Filter>
    </ClInclude>
    <ClInclude Include="Turret.h">
      <Filter>Global\ObjectManager\Objects</Filter>
    </ClInclude>
    <ClInclude Include="SpellBook.h">
      <Filter>Global\SpellBook</Filter>
    </ClInclude>
    <ClInclude Include="SpellCast.h">
      <Filter>Global\SpellCast</Filter>
    </ClInclude>
    <ClInclude Include="SpellSlot.h">
      <Filter>Global\SpellBook</Filter>
    </ClInclude>
    <ClInclude Include="TargetingClient.h">
      <Filter>Global\SpellBook</Filter>
    </ClInclude>
    <ClInclude Include="SpellData.h">
      <Filter>Global\SpellData</Filter>
    </ClInclude>
    <ClInclude Include="SpellInfo.h">
      <Filter>Global\SpellInfo</Filter>
    </ClInclude>
    <ClInclude Include="Pointer.h">
      <Filter>Global</Filter>
    </ClInclude>
    <ClInclude Include="Client.h">
      <Filter>Global\ObjectManager\Objects</Filter>
    </ClInclude>
    <ClInclude Include="CharacterData.h">
      <Filter>Global\ObjectManager</Filter>
    </ClInclude>
    <ClInclude Include="Memory.h">
      <Filter>Main\Memory</Filter>
    </ClInclude>
    <ClInclude Include="Scripts\Champions\Ashe\Ashe.h">
      <Filter>Scripts\Champions\Ashe</Filter>
    </ClInclude>
    <ClInclude Include="Scripts\Champions\Ezreal\Ezreal.h">
      <Filter>Scripts\Champions\Ezreal</Filter>
    </ClInclude>
    <ClInclude Include="Scripts\Champions\Jinx\Jinx.h">
      <Filter>Scripts\Champions\Jinx</Filter>
    </ClInclude>
    <ClInclude Include="Scripts\Champions\Kaisa\Kaisa.h">
      <Filter>Scripts\Champions\Kaisa</Filter>
    </ClInclude>
    <ClInclude Include="Scripts\Champions\KogMaw\KogMaw.h">
      <Filter>Scripts\Champions\KogMaw</Filter>
    </ClInclude>
    <ClInclude Include="Scripts\Champions\Nautilius\Nautilus.h">
      <Filter>Scripts\Champions\Nautilus</Filter>
    </ClInclude>
    <ClInclude Include="Scripts\Champions\Senna\Senna.h">
      <Filter>Scripts\Champions\Senna</Filter>
    </ClInclude>
    <ClInclude Include="Scripts\Champions\Thresh\Thresh.h">
      <Filter>Scripts\Champions\Thresh</Filter>
    </ClInclude>
    <ClInclude Include="Scripts\Champions\Twitch\Twitch.h">
      <Filter>Scripts\Champions\Twitch</Filter>
    </ClInclude>
    <ClInclude Include="Scripts\Champions\Vayne\Vayne.h">
      <Filter>Scripts\Champions\Vayne</Filter>
    </ClInclude>
    <ClInclude Include="Scripts\Champions\Xerath\Xerath.h">
      <Filter>Scripts\Champions\Xerath</Filter>
    </ClInclude>
    <ClInclude Include="Scripts\Champions\Yorick\Yorick.h">
      <Filter>Scripts\Champions\Yorick</Filter>
    </ClInclude>
  </ItemGroup>
  <ItemGroup>
    <ClCompile Include="global\globals.cpp">
      <Filter>Global</Filter>
    </ClCompile>
    <ClCompile Include="mem\mem.cpp">
      <Filter>Main\Memory</Filter>
    </ClCompile>
    <ClCompile Include="render\render.cpp">
      <Filter>Rendering</Filter>
    </ClCompile>
    <ClCompile Include="imgui\imgui_impl_win32.cpp">
      <Filter>IMGui</Filter>
    </ClCompile>
    <ClCompile Include="kiero\kiero.cpp">
      <Filter>Hooks\Kiero</Filter>
    </ClCompile>
    <ClCompile Include="kiero\minhook\src\hde\hde32.c">
      <Filter>Hooks\Kiero</Filter>
    </ClCompile>
    <ClCompile Include="kiero\minhook\src\hde\hde64.c">
      <Filter>Hooks\Kiero</Filter>
    </ClCompile>
    <ClCompile Include="kiero\minhook\src\buffer.c">
      <Filter>Hooks\Kiero</Filter>
    </ClCompile>
    <ClCompile Include="kiero\minhook\src\hook.c">
      <Filter>Hooks\Kiero</Filter>
    </ClCompile>
    <ClCompile Include="kiero\minhook\src\trampoline.c">
      <Filter>Hooks\Kiero</Filter>
    </ClCompile>
    <ClCompile Include="hooks\hooks.cpp">
      <Filter>Hooks</Filter>
    </ClCompile>
    <ClCompile Include="imgui\imgui.cpp">
      <Filter>IMGui</Filter>
    </ClCompile>
    <ClCompile Include="imgui\imgui_draw.cpp">
      <Filter>IMGui</Filter>
    </ClCompile>
    <ClCompile Include="imgui\imgui_impl_dx9.cpp">
      <Filter>IMGui</Filter>
    </ClCompile>
    <ClCompile Include="imgui\imgui_widgets.cpp">
      <Filter>IMGui</Filter>
    </ClCompile>
    <ClCompile Include="hooks\impl\impl.cpp">
      <Filter>Hooks\Implementations</Filter>
    </ClCompile>
    <ClCompile Include="imgui\imgui_tables.cpp">
      <Filter>IMGui</Filter>
    </ClCompile>
    <ClCompile Include="global\Engine.cpp">
      <Filter>Global</Filter>
    </ClCompile>
    <ClCompile Include="classes\classes.cpp">
      <Filter>Classes</Filter>
    </ClCompile>
    <ClCompile Include="render\renderfunctions.cpp">
      <Filter>Rendering</Filter>
    </ClCompile>
    <ClCompile Include="main\dllmain.cpp">
      <Filter>Main</Filter>
    </ClCompile>
    <ClCompile Include="stdafx.cpp" />
    <ClCompile Include="imgui\imgui_impl_dx11.cpp">
      <Filter>IMGui</Filter>
    </ClCompile>
    <ClCompile Include="VMTHook.cpp">
      <Filter>Hooks\VMTHook</Filter>
    </ClCompile>
    <ClCompile Include="MenuRenderer.cpp">
      <Filter>Rendering\Menu\Rendering</Filter>
    </ClCompile>
    <ClCompile Include="Plugins.cpp">
      <Filter>Scripts\utils</Filter>
    </ClCompile>
    <ClCompile Include="PluginTemplate.cpp">
      <Filter>Scripts\Champions\SDK</Filter>
    </ClCompile>
    <ClCompile Include="scripts\TargetSelector.cpp">
      <Filter>Scripts\Utilities\Target Selector</Filter>
    </ClCompile>
    <ClCompile Include="Damage.cpp">
      <Filter>Scripts\Utilities\Damage Calculator</Filter>
    </ClCompile>
    <ClCompile Include="zoom.cpp">
      <Filter>Scripts\Utilities\Awareness\Zoom</Filter>
    </ClCompile>
    <ClCompile Include="Orbwalker.cpp">
      <Filter>Scripts\Utilities\Orbwalker</Filter>
    </ClCompile>
    <ClCompile Include="ManagerTemplate.cpp">
      <Filter>Scripts\Utilities\Orbwalker</Filter>
    </ClCompile>
    <ClCompile Include="Eventmanager.h">
      <Filter>Hooks\EventManager\Manager</Filter>
    </ClCompile>
    <ClCompile Include="InitializeEvents.cpp">
      <Filter>Hooks\EventManager\Initialize</Filter>
    </ClCompile>
    <ClCompile Include="DestroyEvents.cpp">
      <Filter>Hooks\EventManager\Destroy</Filter>
    </ClCompile>
    <ClCompile Include="MenuComponent.cpp">
      <Filter>Rendering\Menu\Components</Filter>
    </ClCompile>
    <ClCompile Include="Checkbox.cpp">
      <Filter>Rendering\Menu\Components\Checkbox</Filter>
    </ClCompile>
    <ClCompile Include="Info.cpp">
      <Filter>Rendering\Menu\Components\Info</Filter>
    </ClCompile>
    <ClCompile Include="KeyBind.cpp">
      <Filter>Rendering\Menu\Components\KeyBindings</Filter>
    </ClCompile>
    <ClCompile Include="List.cpp">
      <Filter>Rendering\Menu\Components\List</Filter>
    </ClCompile>
    <ClCompile Include="Slider.cpp">
      <Filter>Rendering\Menu\Components\Slider</Filter>
    </ClCompile>
    <ClCompile Include="Rect.cpp">
      <Filter>Rendering\Menu\Components\Rect</Filter>
    </ClCompile>
    <ClCompile Include="scripts\Modules.cpp">
      <Filter>Scripts\SDK</Filter>
    </ClCompile>
    <ClCompile Include="scripts\prediction.cpp">
      <Filter>Scripts\SDK</Filter>
    </ClCompile>
    <ClCompile Include="Awareness.cpp">
      <Filter>Scripts\Utilities\Awareness</Filter>
    </ClCompile>
    <ClCompile Include="ListManager.cpp">
      <Filter>Scripts\Utilities\Lists Management</Filter>
    </ClCompile>
    <ClCompile Include="scripts\skillshotdatabase.cpp">
      <Filter>Scripts\SDK\Skills</Filter>
    </ClCompile>
    <ClCompile Include="Colorpicker.cpp">
      <Filter>Rendering\Menu\Components\ColorPicker</Filter>
    </ClCompile>
    <ClCompile Include="HealthPrediction.cpp">
      <Filter>Scripts\Utilities\Damage Calculator</Filter>
    </ClCompile>
    <ClCompile Include="clipper.cpp">
      <Filter>Global</Filter>
    </ClCompile>
    <ClCompile Include="Syscaller.cpp">
      <Filter>Main\Bypass</Filter>
    </ClCompile>
    <ClCompile Include="MenuSettings.cpp">
      <Filter>Rendering\Menu</Filter>
    </ClCompile>
    <ClCompile Include="NewMenu.cpp">
      <Filter>Rendering\Menu</Filter>
    </ClCompile>
    <ClCompile Include="UltimateHooks.cpp">
      <Filter>Main\OldBypass\UltimateHooks</Filter>
    </ClCompile>
    <ClCompile Include="Cooldowns.cpp">
      <Filter>Scripts\Utilities\Awarenesss\HPBar</Filter>
    </ClCompile>
    <ClCompile Include="Experience.cpp">
      <Filter>Scripts\Utilities\Awarenesss\HPBar</Filter>
    </ClCompile>
    <ClCompile Include="Awarenesss.cpp">
      <Filter>Scripts\Utilities\Awarenesss</Filter>
    </ClCompile>
    <ClCompile Include="Path.cpp">
      <Filter>Scripts\Utilities\Awarenesss\Path</Filter>
    </ClCompile>
    <ClCompile Include="LastPosition.cpp">
      <Filter>Scripts\Utilities\Awarenesss\LastPosition</Filter>
    </ClCompile>
    <ClCompile Include="LastHitDamage.cpp">
      <Filter>Scripts\Utilities\Awarenesss\LastHitDamage</Filter>
    </ClCompile>
    <ClCompile Include="Sidebar.cpp">
      <Filter>Scripts\Utilities\Awarenesss\Sidebar</Filter>
    </ClCompile>
    <ClCompile Include="Objectmanager.cpp">
      <Filter>Global\ObjectManager</Filter>
    </ClCompile>
    <ClCompile Include="AttackableUnit.cpp">
      <Filter>Global\ObjectManager\Objects</Filter>
    </ClCompile>
    <ClCompile Include="Hero.cpp">
      <Filter>Global\ObjectManager\Objects</Filter>
    </ClCompile>
    <ClCompile Include="Object.cpp">
      <Filter>Global\ObjectManager\Objects</Filter>
    </ClCompile>
    <ClCompile Include="Turret.cpp">
      <Filter>Global\ObjectManager\Objects</Filter>
    </ClCompile>
    <ClCompile Include="SpellBook.cpp">
      <Filter>Global\SpellBook</Filter>
    </ClCompile>
    <ClCompile Include="SpellCast.cpp">
      <Filter>Global\SpellCast</Filter>
    </ClCompile>
    <ClCompile Include="SpellSlot.cpp">
      <Filter>Global\SpellBook</Filter>
    </ClCompile>
    <ClCompile Include="TargetingClient.cpp">
      <Filter>Global\SpellBook</Filter>
    </ClCompile>
    <ClCompile Include="SpellData.cpp">
      <Filter>Global\SpellData</Filter>
    </ClCompile>
    <ClCompile Include="SpellInfo.cpp">
      <Filter>Global\SpellInfo</Filter>
    </ClCompile>
    <ClCompile Include="Pointer.cpp">
      <Filter>Global</Filter>
    </ClCompile>
    <ClCompile Include="Client.cpp">
      <Filter>Global\ObjectManager\Objects</Filter>
    </ClCompile>
    <ClCompile Include="Memory.cpp">
      <Filter>Main\Memory</Filter>
    </ClCompile>
    <ClCompile Include="Scripts\Champions\Ashe\Ashe.cpp">
      <Filter>Scripts\Champions\Ashe</Filter>
    </ClCompile>
    <ClCompile Include="Scripts\Champions\Ezreal\Ezreal.cpp">
      <Filter>Scripts\Champions\Ezreal</Filter>
    </ClCompile>
    <ClCompile Include="Scripts\Champions\Jinx\Jinx.cpp">
      <Filter>Scripts\Champions\Jinx</Filter>
    </ClCompile>
    <ClCompile Include="Scripts\Champions\Kaisa\Kaisa.cpp">
      <Filter>Scripts\Champions\Kaisa</Filter>
    </ClCompile>
    <ClCompile Include="Scripts\Champions\KogMaw\KogMaw.cpp">
      <Filter>Scripts\Champions\KogMaw</Filter>
    </ClCompile>
    <ClCompile Include="Scripts\Champions\Nautilius\Nautilus.cpp">
      <Filter>Scripts\Champions\Nautilus</Filter>
    </ClCompile>
    <ClCompile Include="Scripts\Champions\Senna\Senna.cpp">
      <Filter>Scripts\Champions\Senna</Filter>
    </ClCompile>
    <ClCompile Include="Scripts\Champions\Syndra\syndra.cpp">
      <Filter>Scripts\Champions\Syndra</Filter>
    </ClCompile>
    <ClCompile Include="Scripts\Champions\Thresh\Thresh.cpp">
      <Filter>Scripts\Champions\Thresh</Filter>
    </ClCompile>
    <ClCompile Include="Scripts\Champions\Twitch\Twitch.cpp">
      <Filter>Scripts\Champions\Twitch</Filter>
    </ClCompile>
    <ClCompile Include="Scripts\Champions\Vayne\Vayne.cpp">
      <Filter>Scripts\Champions\Vayne</Filter>
    </ClCompile>
    <ClCompile Include="Scripts\Champions\Xerath\Xerath.cpp">
      <Filter>Scripts\Champions\Xerath</Filter>
    </ClCompile>
    <ClCompile Include="Scripts\Champions\Yorick\Yorick.cpp">
      <Filter>Scripts\Champions\Yorick</Filter>
    </ClCompile>
  </ItemGroup>
  <ItemGroup>
    <None Include="packages.config" />
  </ItemGroup>
  <ItemGroup>
    <MASM Include="mem\spoofer.asm">
      <Filter>Main\Memory</Filter>
    </MASM>
  </ItemGroup>
  <ItemGroup>
    <Library Include="..\..\..\..\..\Desktop\New folder\black menu\Freetype\win64\freetype.lib">
      <Filter>IMGui</Filter>
    </Library>
  </ItemGroup>
  <ItemGroup>
    <Natvis Include="imgui\imgui.natvis">
      <Filter>IMGui</Filter>
    </Natvis>
  </ItemGroup>
  <ItemGroup>
    <ResourceCompile Include="leagueoflegends.rc" />
  </ItemGroup>
</Project>